
Microsoft Visual Studio Solution File, Format Version 12.00
# Visual Studio 2013
VisualStudioVersion = 12.0.21005.1
MinimumVisualStudioVersion = 10.0.40219.1
Project("{2150E333-8FDC-42A3-9474-1A3956D46DE8}") = "01.AccesoDatos", "01.AccesoDatos", "{95876A47-E7A8-4E4E-829E-0CFAB9CC9873}"
EndProject
Project("{2150E333-8FDC-42A3-9474-1A3956D46DE8}") = "02.Negocio", "02.Negocio", "{A623C686-AAB9-45B1-89E1-A54E3945C44F}"
EndProject
Project("{2150E333-8FDC-42A3-9474-1A3956D46DE8}") = "03.Infraestructura", "03.Infraestructura", "{76B91DBA-965A-4023-93DC-C23F9FA798C1}"
EndProject
Project("{2150E333-8FDC-42A3-9474-1A3956D46DE8}") = "04.Cliente", "04.Cliente", "{EF6F7ECE-605A-4EE8-9854-02E40B70954A}"
EndProject
Project("{FAE04EC0-301F-11D3-BF4B-00C04F79EFBC}") = "UPC.TS.Web", "UPC.TS.Web\UPC.TS.Web.csproj", "{72731B3E-4D14-477B-9710-9CED916A10B5}"
EndProject
Project("{FAE04EC0-301F-11D3-BF4B-00C04F79EFBC}") = "UPC.TS.Entities", "UPC.TS.Entities\UPC.TS.Entities.csproj", "{1AEC7D34-0561-4A4C-833A-4D36A07032ED}"
EndProject
Project("{FAE04EC0-301F-11D3-BF4B-00C04F79EFBC}") = "UPC.TS.BusinessLogic", "UPC.TS.BusinessLogic\UPC.TS.BusinessLogic.csproj", "{5D008DB1-FEFD-48FD-90EC-837281307902}"
EndProject
Project("{FAE04EC0-301F-11D3-BF4B-00C04F79EFBC}") = "UPC.TS.BusinessContract", "UPC.TS.BusinessContract\UPC.TS.BusinessContract.csproj", "{ABA7B265-E48D-47F4-8544-421295B81E6A}"
EndProject
Project("{FAE04EC0-301F-11D3-BF4B-00C04F79EFBC}") = "UPC.TS.DataImplement", "UPC.TS.DataImplement\UPC.TS.DataImplement.csproj", "{643C3A87-13A2-47E6-9E7B-F562B8D749A0}"
EndProject
Project("{FAE04EC0-301F-11D3-BF4B-00C04F79EFBC}") = "UPC.TS.DataContract", "UPC.TS.DataContract\UPC.TS.DataContract.csproj", "{1DA2287C-1B21-40E6-B11B-83CE8BBBCE4E}"
EndProject
Project("{FAE04EC0-301F-11D3-BF4B-00C04F79EFBC}") = "UPC.TS.Infraestructure", "UPC.TS.Infraestructure\UPC.TS.Infraestructure.csproj", "{F57758B2-99D3-4C55-8BB9-0A38D6EE2EDD}"
EndProject
Global
	GlobalSection(SolutionConfigurationPlatforms) = preSolution
		Debug|Any CPU = Debug|Any CPU
		Release|Any CPU = Release|Any CPU
	EndGlobalSection
	GlobalSection(ProjectConfigurationPlatforms) = postSolution
		{72731B3E-4D14-477B-9710-9CED916A10B5}.Debug|Any CPU.ActiveCfg = Debug|Any CPU
		{72731B3E-4D14-477B-9710-9CED916A10B5}.Debug|Any CPU.Build.0 = Debug|Any CPU
		{72731B3E-4D14-477B-9710-9CED916A10B5}.Release|Any CPU.ActiveCfg = Release|Any CPU
		{72731B3E-4D14-477B-9710-9CED916A10B5}.Release|Any CPU.Build.0 = Release|Any CPU
		{1AEC7D34-0561-4A4C-833A-4D36A07032ED}.Debug|Any CPU.ActiveCfg = Debug|Any CPU
		{1AEC7D34-0561-4A4C-833A-4D36A07032ED}.Debug|Any CPU.Build.0 = Debug|Any CPU
		{1AEC7D34-0561-4A4C-833A-4D36A07032ED}.Release|Any CPU.ActiveCfg = Release|Any CPU
		{1AEC7D34-0561-4A4C-833A-4D36A07032ED}.Release|Any CPU.Build.0 = Release|Any CPU
		{5D008DB1-FEFD-48FD-90EC-837281307902}.Debug|Any CPU.ActiveCfg = Debug|Any CPU
		{5D008DB1-FEFD-48FD-90EC-837281307902}.Debug|Any CPU.Build.0 = Debug|Any CPU
		{5D008DB1-FEFD-48FD-90EC-837281307902}.Release|Any CPU.ActiveCfg = Release|Any CPU
		{5D008DB1-FEFD-48FD-90EC-837281307902}.Release|Any CPU.Build.0 = Release|Any CPU
		{ABA7B265-E48D-47F4-8544-421295B81E6A}.Debug|Any CPU.ActiveCfg = Debug|Any CPU
		{ABA7B265-E48D-47F4-8544-421295B81E6A}.Debug|Any CPU.Build.0 = Debug|Any CPU
		{ABA7B265-E48D-47F4-8544-421295B81E6A}.Release|Any CPU.ActiveCfg = Release|Any CPU
		{ABA7B265-E48D-47F4-8544-421295B81E6A}.Release|Any CPU.Build.0 = Release|Any CPU
		{643C3A87-13A2-47E6-9E7B-F562B8D749A0}.Debug|Any CPU.ActiveCfg = Debug|Any CPU
		{643C3A87-13A2-47E6-9E7B-F562B8D749A0}.Debug|Any CPU.Build.0 = Debug|Any CPU
		{643C3A87-13A2-47E6-9E7B-F562B8D749A0}.Release|Any CPU.ActiveCfg = Release|Any CPU
		{643C3A87-13A2-47E6-9E7B-F562B8D749A0}.Release|Any CPU.Build.0 = Release|Any CPU
		{1DA2287C-1B21-40E6-B11B-83CE8BBBCE4E}.Debug|Any CPU.ActiveCfg = Debug|Any CPU
		{1DA2287C-1B21-40E6-B11B-83CE8BBBCE4E}.Debug|Any CPU.Build.0 = Debug|Any CPU
		{1DA2287C-1B21-40E6-B11B-83CE8BBBCE4E}.Release|Any CPU.ActiveCfg = Release|Any CPU
		{1DA2287C-1B21-40E6-B11B-83CE8BBBCE4E}.Release|Any CPU.Build.0 = Release|Any CPU
		{F57758B2-99D3-4C55-8BB9-0A38D6EE2EDD}.Debug|Any CPU.ActiveCfg = Debug|Any CPU
		{F57758B2-99D3-4C55-8BB9-0A38D6EE2EDD}.Debug|Any CPU.Build.0 = Debug|Any CPU
		{F57758B2-99D3-4C55-8BB9-0A38D6EE2EDD}.Release|Any CPU.ActiveCfg = Release|Any CPU
		{F57758B2-99D3-4C55-8BB9-0A38D6EE2EDD}.Release|Any CPU.Build.0 = Release|Any CPU
	EndGlobalSection
	GlobalSection(SolutionProperties) = preSolution
		HideSolutionNode = FALSE
	EndGlobalSection
	GlobalSection(NestedProjects) = preSolution
		{643C3A87-13A2-47E6-9E7B-F562B8D749A0} = {95876A47-E7A8-4E4E-829E-0CFAB9CC9873}
		{1DA2287C-1B21-40E6-B11B-83CE8BBBCE4E} = {95876A47-E7A8-4E4E-829E-0CFAB9CC9873}
		{1AEC7D34-0561-4A4C-833A-4D36A07032ED} = {A623C686-AAB9-45B1-89E1-A54E3945C44F}
		{5D008DB1-FEFD-48FD-90EC-837281307902} = {A623C686-AAB9-45B1-89E1-A54E3945C44F}
		{ABA7B265-E48D-47F4-8544-421295B81E6A} = {A623C686-AAB9-45B1-89E1-A54E3945C44F}
		{F57758B2-99D3-4C55-8BB9-0A38D6EE2EDD} = {76B91DBA-965A-4023-93DC-C23F9FA798C1}
		{72731B3E-4D14-477B-9710-9CED916A10B5} = {EF6F7ECE-605A-4EE8-9854-02E40B70954A}
	EndGlobalSection
EndGlobal
